
Microsoft Visual Studio Solution File, Format Version 12.00
# Visual Studio Version 17
VisualStudioVersion = 17.3.32922.545
MinimumVisualStudioVersion = 10.0.40219.1
Project("{FAE04EC0-301F-11D3-BF4B-00C04F79EFBC}") = "breakfastApp", "breakfastApp\breakfastApp.csproj", "{A57B1ACD-FBF4-43C1-AB9E-39E7BAD4C96C}"
EndProject
Global
	GlobalSection(SolutionConfigurationPlatforms) = preSolution
		Debug|Any CPU = Debug|Any CPU
		Release|Any CPU = Release|Any CPU
	EndGlobalSection
	GlobalSection(ProjectConfigurationPlatforms) = postSolution
		{A57B1ACD-FBF4-43C1-AB9E-39E7BAD4C96C}.Debug|Any CPU.ActiveCfg = Debug|Any CPU
		{A57B1ACD-FBF4-43C1-AB9E-39E7BAD4C96C}.Debug|Any CPU.Build.0 = Debug|Any CPU
		{A57B1ACD-FBF4-43C1-AB9E-39E7BAD4C96C}.Release|Any CPU.ActiveCfg = Release|Any CPU
		{A57B1ACD-FBF4-43C1-AB9E-39E7BAD4C96C}.Release|Any CPU.Build.0 = Release|Any CPU
	EndGlobalSection
	GlobalSection(SolutionProperties) = preSolution
		HideSolutionNode = FALSE
	EndGlobalSection
	GlobalSection(ExtensibilityGlobals) = postSolution
		SolutionGuid = {581C5C91-5FFF-44D6-8E89-83A7F3987F47}
	EndGlobalSection
EndGlobal
